// !$*UTF8*$!
{
	archiveVersion = 1;
	classes = {
	};
	objectVersion = 56;
	objects = {

/* Begin PBXBuildFile section */
		FAD768272C423EE20006FA94 /* HimnarioApp.swift in Sources */ = {isa = PBXBuildFile; fileRef = FAD768262C423EE20006FA94 /* HimnarioApp.swift */; };
		FAD768292C423EE20006FA94 /* ContentView.swift in Sources */ = {isa = PBXBuildFile; fileRef = FAD768282C423EE20006FA94 /* ContentView.swift */; };
		FAD7682B2C423EE30006FA94 /* Assets.xcassets in Resources */ = {isa = PBXBuildFile; fileRef = FAD7682A2C423EE30006FA94 /* Assets.xcassets */; };
		FAD7682F2C423EE30006FA94 /* Preview Assets.xcassets in Resources */ = {isa = PBXBuildFile; fileRef = FAD7682E2C423EE30006FA94 /* Preview Assets.xcassets */; };
		FAD768362C4243D30006FA94 /* SplashScreen.swift in Sources */ = {isa = PBXBuildFile; fileRef = FAD768352C4243D30006FA94 /* SplashScreen.swift */; };
		FB22B9A02C4A23E200768588 /* SongViewModel.swift in Sources */ = {isa = PBXBuildFile; fileRef = FB22B99D2C4A23E200768588 /* SongViewModel.swift */; };
		FB22B9A12C4A23E200768588 /* SongModel.swift in Sources */ = {isa = PBXBuildFile; fileRef = FB22B99E2C4A23E200768588 /* SongModel.swift */; };
		FB22B9A22C4A23E200768588 /* SongView.swift in Sources */ = {isa = PBXBuildFile; fileRef = FB22B99F2C4A23E200768588 /* SongView.swift */; };
		FB22B9A82C4A3C1600768588 /* SongListView.swift in Sources */ = {isa = PBXBuildFile; fileRef = FB22B9A72C4A3C1600768588 /* SongListView.swift */; };
		FB22B9AA2C4A40D200768588 /* ActivityView.swift in Sources */ = {isa = PBXBuildFile; fileRef = FB22B9A92C4A40D200768588 /* ActivityView.swift */; };
		FB22B9AC2C4A591D00768588 /* ViewMode.swift in Sources */ = {isa = PBXBuildFile; fileRef = FB22B9AB2C4A591D00768588 /* ViewMode.swift */; };
/* End PBXBuildFile section */

/* Begin PBXFileReference section */
		FAD768232C423EE20006FA94 /* Himnario.app */ = {isa = PBXFileReference; explicitFileType = wrapper.application; includeInIndex = 0; path = Himnario.app; sourceTree = BUILT_PRODUCTS_DIR; };
		FAD768262C423EE20006FA94 /* HimnarioApp.swift */ = {isa = PBXFileReference; lastKnownFileType = sourcecode.swift; path = HimnarioApp.swift; sourceTree = "<group>"; };
		FAD768282C423EE20006FA94 /* ContentView.swift */ = {isa = PBXFileReference; lastKnownFileType = sourcecode.swift; path = ContentView.swift; sourceTree = "<group>"; };
		FAD7682A2C423EE30006FA94 /* Assets.xcassets */ = {isa = PBXFileReference; lastKnownFileType = folder.assetcatalog; path = Assets.xcassets; sourceTree = "<group>"; };
		FAD7682C2C423EE30006FA94 /* Himnario.entitlements */ = {isa = PBXFileReference; lastKnownFileType = text.plist.entitlements; path = Himnario.entitlements; sourceTree = "<group>"; };
		FAD7682E2C423EE30006FA94 /* Preview Assets.xcassets */ = {isa = PBXFileReference; lastKnownFileType = folder.assetcatalog; path = "Preview Assets.xcassets"; sourceTree = "<group>"; };
		FAD768352C4243D30006FA94 /* SplashScreen.swift */ = {isa = PBXFileReference; lastKnownFileType = sourcecode.swift; path = SplashScreen.swift; sourceTree = "<group>"; };
		FB22B99D2C4A23E200768588 /* SongViewModel.swift */ = {isa = PBXFileReference; fileEncoding = 4; lastKnownFileType = sourcecode.swift; name = SongViewModel.swift; path = ../../../../../Downloads/SongViewModel.swift; sourceTree = "<group>"; };
		FB22B99E2C4A23E200768588 /* SongModel.swift */ = {isa = PBXFileReference; fileEncoding = 4; lastKnownFileType = sourcecode.swift; name = SongModel.swift; path = ../../../../../Downloads/SongModel.swift; sourceTree = "<group>"; };
		FB22B99F2C4A23E200768588 /* SongView.swift */ = {isa = PBXFileReference; fileEncoding = 4; lastKnownFileType = sourcecode.swift; name = SongView.swift; path = ../../../../../Downloads/SongView.swift; sourceTree = "<group>"; };
		FB22B9A72C4A3C1600768588 /* SongListView.swift */ = {isa = PBXFileReference; lastKnownFileType = sourcecode.swift; path = SongListView.swift; sourceTree = "<group>"; };
		FB22B9A92C4A40D200768588 /* ActivityView.swift */ = {isa = PBXFileReference; lastKnownFileType = sourcecode.swift; path = ActivityView.swift; sourceTree = "<group>"; };
		FB22B9AB2C4A591D00768588 /* ViewMode.swift */ = {isa = PBXFileReference; lastKnownFileType = sourcecode.swift; path = ViewMode.swift; sourceTree = "<group>"; };
/* End PBXFileReference section */

/* Begin PBXFrameworksBuildPhase section */
		FAD768202C423EE20006FA94 /* Frameworks */ = {
			isa = PBXFrameworksBuildPhase;
			buildActionMask = 2147483647;
			files = (
			);
			runOnlyForDeploymentPostprocessing = 0;
		};
/* End PBXFrameworksBuildPhase section */

/* Begin PBXGroup section */
		FAD7681A2C423EE20006FA94 = {
			isa = PBXGroup;
			children = (
				FB22B9A92C4A40D200768588 /* ActivityView.swift */,
				FAD768252C423EE20006FA94 /* Himnario */,
				FAD768242C423EE20006FA94 /* Products */,
			);
			sourceTree = "<group>";
		};
		FAD768242C423EE20006FA94 /* Products */ = {
			isa = PBXGroup;
			children = (
				FAD768232C423EE20006FA94 /* Himnario.app */,
			);
			name = Products;
			sourceTree = "<group>";
		};
		FAD768252C423EE20006FA94 /* Himnario */ = {
			isa = PBXGroup;
			children = (
				FAD768262C423EE20006FA94 /* HimnarioApp.swift */,
				FAD768282C423EE20006FA94 /* ContentView.swift */,
				FAD7682A2C423EE30006FA94 /* Assets.xcassets */,
				FAD7682C2C423EE30006FA94 /* Himnario.entitlements */,
				FAD7682D2C423EE30006FA94 /* Preview Content */,
				FAD768352C4243D30006FA94 /* SplashScreen.swift */,
				FB22B99E2C4A23E200768588 /* SongModel.swift */,
				FB22B99F2C4A23E200768588 /* SongView.swift */,
				FB22B99D2C4A23E200768588 /* SongViewModel.swift */,
			);
			path = Himnario;
			sourceTree = "<group>";
		};
		FAD7682D2C423EE30006FA94 /* Preview Content */ = {
			isa = PBXGroup;
			children = (
				FAD7682E2C423EE30006FA94 /* Preview Assets.xcassets */,
				FB22B9A72C4A3C1600768588 /* SongListView.swift */,
				FB22B9AB2C4A591D00768588 /* ViewMode.swift */,
			);
			path = "Preview Content";
			sourceTree = "<group>";
		};
/* End PBXGroup section */

/* Begin PBXNativeTarget section */
		FAD768222C423EE20006FA94 /* Himnario */ = {
			isa = PBXNativeTarget;
			buildConfigurationList = FAD768322C423EE30006FA94 /* Build configuration list for PBXNativeTarget "Himnario" */;
			buildPhases = (
				FAD7681F2C423EE20006FA94 /* Sources */,
				FAD768202C423EE20006FA94 /* Frameworks */,
				FAD768212C423EE20006FA94 /* Resources */,
			);
			buildRules = (
			);
			dependencies = (
			);
			name = Himnario;
			productName = Himnario;
			productReference = FAD768232C423EE20006FA94 /* Himnario.app */;
			productType = "com.apple.product-type.application";
		};
/* End PBXNativeTarget section */

/* Begin PBXProject section */
		FAD7681B2C423EE20006FA94 /* Project object */ = {
			isa = PBXProject;
			attributes = {
				BuildIndependentTargetsInParallel = 1;
				LastSwiftUpdateCheck = 1540;
				LastUpgradeCheck = 1540;
				TargetAttributes = {
					FAD768222C423EE20006FA94 = {
						CreatedOnToolsVersion = 15.4;
					};
				};
			};
			buildConfigurationList = FAD7681E2C423EE20006FA94 /* Build configuration list for PBXProject "Himnario" */;
			compatibilityVersion = "Xcode 14.0";
			developmentRegion = en;
			hasScannedForEncodings = 0;
			knownRegions = (
				en,
				Base,
			);
			mainGroup = FAD7681A2C423EE20006FA94;
			productRefGroup = FAD768242C423EE20006FA94 /* Products */;
			projectDirPath = "";
			projectRoot = "";
			targets = (
				FAD768222C423EE20006FA94 /* Himnario */,
			);
		};
/* End PBXProject section */

/* Begin PBXResourcesBuildPhase section */
		FAD768212C423EE20006FA94 /* Resources */ = {
			isa = PBXResourcesBuildPhase;
			buildActionMask = 2147483647;
			files = (
				FAD7682F2C423EE30006FA94 /* Preview Assets.xcassets in Resources */,
				FAD7682B2C423EE30006FA94 /* Assets.xcassets in Resources */,
			);
			runOnlyForDeploymentPostprocessing = 0;
		};
/* End PBXResourcesBuildPhase section */

/* Begin PBXSourcesBuildPhase section */
		FAD7681F2C423EE20006FA94 /* Sources */ = {
			isa = PBXSourcesBuildPhase;
			buildActionMask = 2147483647;
			files = (
				FB22B9AC2C4A591D00768588 /* ViewMode.swift in Sources */,
				FAD768362C4243D30006FA94 /* SplashScreen.swift in Sources */,
				FB22B9A12C4A23E200768588 /* SongModel.swift in Sources */,
				FB22B9A02C4A23E200768588 /* SongViewModel.swift in Sources */,
				FB22B9A22C4A23E200768588 /* SongView.swift in Sources */,
				FAD768292C423EE20006FA94 /* ContentView.swift in Sources */,
				FB22B9AA2C4A40D200768588 /* ActivityView.swift in Sources */,
				FB22B9A82C4A3C1600768588 /* SongListView.swift in Sources */,
				FAD768272C423EE20006FA94 /* HimnarioApp.swift in Sources */,
			);
			runOnlyForDeploymentPostprocessing = 0;
		};
/* End PBXSourcesBuildPhase section */

/* Begin XCBuildConfiguration section */
		FAD768302C423EE30006FA94 /* Debug */ = {
			isa = XCBuildConfiguration;
			buildSettings = {
				ALWAYS_SEARCH_USER_PATHS = NO;
				ASSETCATALOG_COMPILER_GENERATE_SWIFT_ASSET_SYMBOL_EXTENSIONS = YES;
				CLANG_ANALYZER_NONNULL = YES;
				CLANG_ANALYZER_NUMBER_OBJECT_CONVERSION = YES_AGGRESSIVE;
				CLANG_CXX_LANGUAGE_STANDARD = "gnu++20";
				CLANG_ENABLE_MODULES = YES;
				CLANG_ENABLE_OBJC_ARC = YES;
				CLANG_ENABLE_OBJC_WEAK = YES;
				CLANG_WARN_BLOCK_CAPTURE_AUTORELEASING = YES;
				CLANG_WARN_BOOL_CONVERSION = YES;
				CLANG_WARN_COMMA = YES;
				CLANG_WARN_CONSTANT_CONVERSION = YES;
				CLANG_WARN_DEPRECATED_OBJC_IMPLEMENTATIONS = YES;
				CLANG_WARN_DIRECT_OBJC_ISA_USAGE = YES_ERROR;
				CLANG_WARN_DOCUMENTATION_COMMENTS = YES;
				CLANG_WARN_EMPTY_BODY = YES;
				CLANG_WARN_ENUM_CONVERSION = YES;
				CLANG_WARN_INFINITE_RECURSION = YES;
				CLANG_WARN_INT_CONVERSION = YES;
				CLANG_WARN_NON_LITERAL_NULL_CONVERSION = YES;
				CLANG_WARN_OBJC_IMPLICIT_RETAIN_SELF = YES;
				CLANG_WARN_OBJC_LITERAL_CONVERSION = YES;
				CLANG_WARN_OBJC_ROOT_CLASS = YES_ERROR;
				CLANG_WARN_QUOTED_INCLUDE_IN_FRAMEWORK_HEADER = YES;
				CLANG_WARN_RANGE_LOOP_ANALYSIS = YES;
				CLANG_WARN_STRICT_PROTOTYPES = YES;
				CLANG_WARN_SUSPICIOUS_MOVE = YES;
				CLANG_WARN_UNGUARDED_AVAILABILITY = YES_AGGRESSIVE;
				CLANG_WARN_UNREACHABLE_CODE = YES;
				CLANG_WARN__DUPLICATE_METHOD_MATCH = YES;
				COPY_PHASE_STRIP = NO;
				DEBUG_INFORMATION_FORMAT = dwarf;
				ENABLE_STRICT_OBJC_MSGSEND = YES;
				ENABLE_TESTABILITY = YES;
				ENABLE_USER_SCRIPT_SANDBOXING = YES;
				GCC_C_LANGUAGE_STANDARD = gnu17;
				GCC_DYNAMIC_NO_PIC = NO;
				GCC_NO_COMMON_BLOCKS = YES;
				GCC_OPTIMIZATION_LEVEL = 0;
				GCC_PREPROCESSOR_DEFINITIONS = (
					"DEBUG=1",
					"$(inherited)",
				);
				GCC_WARN_64_TO_32_BIT_CONVERSION = YES;
				GCC_WARN_ABOUT_RETURN_TYPE = YES_ERROR;
				GCC_WARN_UNDECLARED_SELECTOR = YES;
				GCC_WARN_UNINITIALIZED_AUTOS = YES_AGGRESSIVE;
				GCC_WARN_UNUSED_FUNCTION = YES;
				GCC_WARN_UNUSED_VARIABLE = YES;
				LOCALIZATION_PREFERS_STRING_CATALOGS = YES;
				MTL_ENABLE_DEBUG_INFO = INCLUDE_SOURCE;
				MTL_FAST_MATH = YES;
				ONLY_ACTIVE_ARCH = YES;
				SWIFT_ACTIVE_COMPILATION_CONDITIONS = "DEBUG $(inherited)";
				SWIFT_OPTIMIZATION_LEVEL = "-Onone";
			};
			name = Debug;
		};
		FAD768312C423EE30006FA94 /* Release */ = {
			isa = XCBuildConfiguration;
			buildSettings = {
				ALWAYS_SEARCH_USER_PATHS = NO;
				ASSETCATALOG_COMPILER_GENERATE_SWIFT_ASSET_SYMBOL_EXTENSIONS = YES;
				CLANG_ANALYZER_NONNULL = YES;
				CLANG_ANALYZER_NUMBER_OBJECT_CONVERSION = YES_AGGRESSIVE;
				CLANG_CXX_LANGUAGE_STANDARD = "gnu++20";
				CLANG_ENABLE_MODULES = YES;
				CLANG_ENABLE_OBJC_ARC = YES;
				CLANG_ENABLE_OBJC_WEAK = YES;
				CLANG_WARN_BLOCK_CAPTURE_AUTORELEASING = YES;
				CLANG_WARN_BOOL_CONVERSION = YES;
				CLANG_WARN_COMMA = YES;
				CLANG_WARN_CONSTANT_CONVERSION = YES;
				CLANG_WARN_DEPRECATED_OBJC_IMPLEMENTATIONS = YES;
				CLANG_WARN_DIRECT_OBJC_ISA_USAGE = YES_ERROR;
				CLANG_WARN_DOCUMENTATION_COMMENTS = YES;
				CLANG_WARN_EMPTY_BODY = YES;
				CLANG_WARN_ENUM_CONVERSION = YES;
				CLANG_WARN_INFINITE_RECURSION = YES;
				CLANG_WARN_INT_CONVERSION = YES;
				CLANG_WARN_NON_LITERAL_NULL_CONVERSION = YES;
				CLANG_WARN_OBJC_IMPLICIT_RETAIN_SELF = YES;
				CLANG_WARN_OBJC_LITERAL_CONVERSION = YES;
				CLANG_WARN_OBJC_ROOT_CLASS = YES_ERROR;
				CLANG_WARN_QUOTED_INCLUDE_IN_FRAMEWORK_HEADER = YES;
				CLANG_WARN_RANGE_LOOP_ANALYSIS = YES;
				CLANG_WARN_STRICT_PROTOTYPES = YES;
				CLANG_WARN_SUSPICIOUS_MOVE = YES;
				CLANG_WARN_UNGUARDED_AVAILABILITY = YES_AGGRESSIVE;
				CLANG_WARN_UNREACHABLE_CODE = YES;
				CLANG_WARN__DUPLICATE_METHOD_MATCH = YES;
				COPY_PHASE_STRIP = NO;
				DEBUG_INFORMATION_FORMAT = "dwarf-with-dsym";
				ENABLE_NS_ASSERTIONS = NO;
				ENABLE_STRICT_OBJC_MSGSEND = YES;
				ENABLE_USER_SCRIPT_SANDBOXING = YES;
				GCC_C_LANGUAGE_STANDARD = gnu17;
				GCC_NO_COMMON_BLOCKS = YES;
				GCC_WARN_64_TO_32_BIT_CONVERSION = YES;
				GCC_WARN_ABOUT_RETURN_TYPE = YES_ERROR;
				GCC_WARN_UNDECLARED_SELECTOR = YES;
				GCC_WARN_UNINITIALIZED_AUTOS = YES_AGGRESSIVE;
				GCC_WARN_UNUSED_FUNCTION = YES;
				GCC_WARN_UNUSED_VARIABLE = YES;
				LOCALIZATION_PREFERS_STRING_CATALOGS = YES;
				MTL_ENABLE_DEBUG_INFO = NO;
				MTL_FAST_MATH = YES;
				SWIFT_COMPILATION_MODE = wholemodule;
			};
			name = Release;
		};
		FAD768332C423EE30006FA94 /* Debug */ = {
			isa = XCBuildConfiguration;
			buildSettings = {
				ASSETCATALOG_COMPILER_APPICON_NAME = AppIcon;
				ASSETCATALOG_COMPILER_GLOBAL_ACCENT_COLOR_NAME = AccentColor;
				CODE_SIGN_ENTITLEMENTS = Himnario/Himnario.entitlements;
				CODE_SIGN_STYLE = Automatic;
				CURRENT_PROJECT_VERSION = 1;
				DEVELOPMENT_ASSET_PATHS = "\"Himnario/Preview Content\"";
				ENABLE_PREVIEWS = YES;
				GENERATE_INFOPLIST_FILE = YES;
				"INFOPLIST_KEY_UIApplicationSceneManifest_Generation[sdk=iphoneos*]" = YES;
				"INFOPLIST_KEY_UIApplicationSceneManifest_Generation[sdk=iphonesimulator*]" = YES;
				"INFOPLIST_KEY_UIApplicationSupportsIndirectInputEvents[sdk=iphoneos*]" = YES;
				"INFOPLIST_KEY_UIApplicationSupportsIndirectInputEvents[sdk=iphonesimulator*]" = YES;
				"INFOPLIST_KEY_UILaunchScreen_Generation[sdk=iphoneos*]" = YES;
				"INFOPLIST_KEY_UILaunchScreen_Generation[sdk=iphonesimulator*]" = YES;
				"INFOPLIST_KEY_UIStatusBarStyle[sdk=iphoneos*]" = UIStatusBarStyleDefault;
				"INFOPLIST_KEY_UIStatusBarStyle[sdk=iphonesimulator*]" = UIStatusBarStyleDefault;
				INFOPLIST_KEY_UISupportedInterfaceOrientations_iPad = "UIInterfaceOrientationPortrait UIInterfaceOrientationPortraitUpsideDown UIInterfaceOrientationLandscapeLeft UIInterfaceOrientationLandscapeRight";
				INFOPLIST_KEY_UISupportedInterfaceOrientations_iPhone = "UIInterfaceOrientationPortrait UIInterfaceOrientationLandscapeLeft UIInterfaceOrientationLandscapeRight";
				IPHONEOS_DEPLOYMENT_TARGET = 17.5;
				LD_RUNPATH_SEARCH_PATHS = "@executable_path/Frameworks";
				"LD_RUNPATH_SEARCH_PATHS[sdk=macosx*]" = "@executable_path/../Frameworks";
				MACOSX_DEPLOYMENT_TARGET = 14.5;
				MARKETING_VERSION = 1.0;
				PRODUCT_BUNDLE_IDENTIFIER = "sawi-sa-buhay.Himnario";
				PRODUCT_NAME = "$(TARGET_NAME)";
				SDKROOT = auto;
				SUPPORTED_PLATFORMS = "iphoneos iphonesimulator macosx";
				SWIFT_EMIT_LOC_STRINGS = YES;
				SWIFT_VERSION = 5.0;
				TARGETED_DEVICE_FAMILY = "1,2";
			};
			name = Debug;
		};
		FAD768342C423EE30006FA94 /* Release */ = {
			isa = XCBuildConfiguration;
			buildSettings = {
				ASSETCATALOG_COMPILER_APPICON_NAME = AppIcon;
				ASSETCATALOG_COMPILER_GLOBAL_ACCENT_COLOR_NAME = AccentColor;
				CODE_SIGN_ENTITLEMENTS = Himnario/Himnario.entitlements;
				CODE_SIGN_STYLE = Automatic;
				CURRENT_PROJECT_VERSION = 1;
				DEVELOPMENT_ASSET_PATHS = "\"Himnario/Preview Content\"";
				ENABLE_PREVIEWS = YES;
				GENERATE_INFOPLIST_FILE = YES;
				"INFOPLIST_KEY_UIApplicationSceneManifest_Generation[sdk=iphoneos*]" = YES;
				"INFOPLIST_KEY_UIApplicationSceneManifest_Generation[sdk=iphonesimulator*]" = YES;
				"INFOPLIST_KEY_UIApplicationSupportsIndirectInputEvents[sdk=iphoneos*]" = YES;
				"INFOPLIST_KEY_UIApplicationSupportsIndirectInputEvents[sdk=iphonesimulator*]" = YES;
				"INFOPLIST_KEY_UILaunchScreen_Generation[sdk=iphoneos*]" = YES;
				"INFOPLIST_KEY_UILaunchScreen_Generation[sdk=iphonesimulator*]" = YES;
				"INFOPLIST_KEY_UIStatusBarStyle[sdk=iphoneos*]" = UIStatusBarStyleDefault;
				"INFOPLIST_KEY_UIStatusBarStyle[sdk=iphonesimulator*]" = UIStatusBarStyleDefault;
				INFOPLIST_KEY_UISupportedInterfaceOrientations_iPad = "UIInterfaceOrientationPortrait UIInterfaceOrientationPortraitUpsideDown UIInterfaceOrientationLandscapeLeft UIInterfaceOrientationLandscapeRight";
				INFOPLIST_KEY_UISupportedInterfaceOrientations_iPhone = "UIInterfaceOrientationPortrait UIInterfaceOrientationLandscapeLeft UIInterfaceOrientationLandscapeRight";
				IPHONEOS_DEPLOYMENT_TARGET = 17.5;
				LD_RUNPATH_SEARCH_PATHS = "@executable_path/Frameworks";
				"LD_RUNPATH_SEARCH_PATHS[sdk=macosx*]" = "@executable_path/../Frameworks";
				MACOSX_DEPLOYMENT_TARGET = 14.5;
				MARKETING_VERSION = 1.0;
				PRODUCT_BUNDLE_IDENTIFIER = "sawi-sa-buhay.Himnario";
				PRODUCT_NAME = "$(TARGET_NAME)";
				SDKROOT = auto;
				SUPPORTED_PLATFORMS = "iphoneos iphonesimulator macosx";
				SWIFT_EMIT_LOC_STRINGS = YES;
				SWIFT_VERSION = 5.0;
				TARGETED_DEVICE_FAMILY = "1,2";
			};
			name = Release;
		};
/* End XCBuildConfiguration section */

/* Begin XCConfigurationList section */
		FAD7681E2C423EE20006FA94 /* Build configuration list for PBXProject "Himnario" */ = {
			isa = XCConfigurationList;
			buildConfigurations = (
				FAD768302C423EE30006FA94 /* Debug */,
				FAD768312C423EE30006FA94 /* Release */,
			);
			defaultConfigurationIsVisible = 0;
			defaultConfigurationName = Release;
		};
		FAD768322C423EE30006FA94 /* Build configuration list for PBXNativeTarget "Himnario" */ = {
			isa = XCConfigurationList;
			buildConfigurations = (
				FAD768332C423EE30006FA94 /* Debug */,
				FAD768342C423EE30006FA94 /* Release */,
			);
			defaultConfigurationIsVisible = 0;
			defaultConfigurationName = Release;
		};
/* End XCConfigurationList section */
	};
	rootObject = FAD7681B2C423EE20006FA94 /* Project object */;
}
